
Microsoft Visual Studio Solution File, Format Version 12.00
# Visual Studio Version 17
VisualStudioVersion = 17.3.32901.215
MinimumVisualStudioVersion = 10.0.40219.1
Project("{FAE04EC0-301F-11D3-BF4B-00C04F79EFBC}") = "Arrays", "Arrays.csproj", "{5A9F7E76-0AE7-4CA9-ADE8-3D74F14A8753}"
EndProject
Global
	GlobalSection(SolutionConfigurationPlatforms) = preSolution
		Debug|Any CPU = Debug|Any CPU
		Release|Any CPU = Release|Any CPU
	EndGlobalSection
	GlobalSection(ProjectConfigurationPlatforms) = postSolution
		{5A9F7E76-0AE7-4CA9-ADE8-3D74F14A8753}.Debug|Any CPU.ActiveCfg = Debug|Any CPU
		{5A9F7E76-0AE7-4CA9-ADE8-3D74F14A8753}.Debug|Any CPU.Build.0 = Debug|Any CPU
		{5A9F7E76-0AE7-4CA9-ADE8-3D74F14A8753}.Release|Any CPU.ActiveCfg = Release|Any CPU
		{5A9F7E76-0AE7-4CA9-ADE8-3D74F14A8753}.Release|Any CPU.Build.0 = Release|Any CPU
	EndGlobalSection
	GlobalSection(SolutionProperties) = preSolution
		HideSolutionNode = FALSE
	EndGlobalSection
	GlobalSection(ExtensibilityGlobals) = postSolution
		SolutionGuid = {60E4C250-CF15-4ADA-B61D-07DE8AF3BF18}
	EndGlobalSection
EndGlobal
